<?xml version="1.0" encoding="utf-8"?>
<Project ToolsVersion="4.0" xmlns="http://schemas.microsoft.com/developer/msbuild/2003">
  <ItemGroup>
    <Filter Include="Model">
      <UniqueIdentifier>{ae846a6d-0824-4561-8015-dbaeb37e8379}</UniqueIdentifier>
    </Filter>
    <Filter Include="Model\Deck">
      <UniqueIdentifier>{cb5103df-487e-4413-ac9c-5f405eeb4784}</UniqueIdentifier>
    </Filter>
    <Filter Include="libs">
      <UniqueIdentifier>{19c8830a-f0d8-44e0-9a67-506958ad318d}</UniqueIdentifier>
    </Filter>
    <Filter Include="Model\Ship">
      <UniqueIdentifier>{acda1b92-69dd-4c0a-82bf-6f21d9e041f0}</UniqueIdentifier>
    </Filter>
    <Filter Include="Model\Enums">
      <UniqueIdentifier>{38080153-3b19-4b32-8b74-dc3b5aa7bd3e}</UniqueIdentifier>
    </Filter>
    <Filter Include="Model\GameBoard">
      <UniqueIdentifier>{598a2f33-c310-46f1-9ba4-4e4999314630}</UniqueIdentifier>
    </Filter>
    <Filter Include="Model\Gamers">
      <UniqueIdentifier>{9568cbbb-e7e0-4a97-888a-e306071eb129}</UniqueIdentifier>
    </Filter>
    <Filter Include="Services">
      <UniqueIdentifier>{577cae78-54bf-4c88-b03b-f927cc1a7ff3}</UniqueIdentifier>
    </Filter>
  </ItemGroup>
  <ItemGroup>
    <ClInclude Include="Model\Deck.h">
      <Filter>Model\Deck</Filter>
    </ClInclude>
    <ClInclude Include="libs.h">
      <Filter>libs</Filter>
    </ClInclude>
    <ClInclude Include="Model\Ship.h">
      <Filter>Model\Ship</Filter>
    </ClInclude>
    <ClInclude Include="Model\Enums\TypeShip.h">
      <Filter>Model\Enums</Filter>
    </ClInclude>
    <ClInclude Include="Model\Enums\StatusShip.h">
      <Filter>Model\Enums</Filter>
    </ClInclude>
    <ClInclude Include="Model\SingleDeck.h">
      <Filter>Model\Ship</Filter>
    </ClInclude>
    <ClInclude Include="Model\MultiDeck.h">
      <Filter>Model\Ship</Filter>
    </ClInclude>
    <ClInclude Include="Model\DoubleDeck.h">
      <Filter>Model\Ship</Filter>
    </ClInclude>
    <ClInclude Include="Model\ThreeDeck.h">
      <Filter>Model\Ship</Filter>
    </ClInclude>
    <ClInclude Include="Model\FourDeck.h">
      <Filter>Model\Ship</Filter>
    </ClInclude>
    <ClInclude Include="Model\Cell.h">
      <Filter>Model\GameBoard</Filter>
    </ClInclude>
    <ClInclude Include="Model\StatusCell.h">
      <Filter>Model\Enums</Filter>
    </ClInclude>
    <ClInclude Include="Model\Enums\StatusCell.h">
      <Filter>Model\Enums</Filter>
    </ClInclude>
    <ClInclude Include="Model\GameBoard.h">
      <Filter>Model\GameBoard</Filter>
    </ClInclude>
    <ClInclude Include="Model\Tabloid.h">
      <Filter>Model\GameBoard</Filter>
    </ClInclude>
    <ClInclude Include="Model\Gamer.h">
      <Filter>Model\Gamers</Filter>
    </ClInclude>
    <ClInclude Include="Model\ComuterGamer.h">
      <Filter>Model\Gamers</Filter>
    </ClInclude>
    <ClInclude Include="Model\HumanGamer.h">
      <Filter>Model\Gamers</Filter>
    </ClInclude>
    <ClInclude Include="Services\BattleMapGenerateService.h">
      <Filter>Services</Filter>
    </ClInclude>
    <ClInclude Include="Services\BattleShipGenerateService.h">
      <Filter>Services</Filter>
    </ClInclude>
  </ItemGroup>
  <ItemGroup>
    <ClCompile Include="Model\Deck.cpp">
      <Filter>Model\Deck</Filter>
    </ClCompile>
    <ClCompile Include="main.cpp" />
    <ClCompile Include="Model\SingleDeck.cpp">
      <Filter>Model\Ship</Filter>
    </ClCompile>
    <ClCompile Include="Model\MultiDeck.cpp">
      <Filter>Model\Ship</Filter>
    </ClCompile>
    <ClCompile Include="Model\DoubleDeck.cpp">
      <Filter>Model\Ship</Filter>
    </ClCompile>
    <ClCompile Include="Model\ThreeDeck.cpp">
      <Filter>Model\Ship</Filter>
    </ClCompile>
    <ClCompile Include="Model\FourDeck.cpp">
      <Filter>Model\Ship</Filter>
    </ClCompile>
    <ClCompile Include="Model\Cell.cpp">
      <Filter>Model\GameBoard</Filter>
    </ClCompile>
    <ClCompile Include="Model\GameBoard.cpp">
      <Filter>Model\GameBoard</Filter>
    </ClCompile>
    <ClCompile Include="Model\Gamer.cpp">
      <Filter>Model\Gamers</Filter>
    </ClCompile>
    <ClCompile Include="Model\ComputerGamer.cpp">
      <Filter>Model\Gamers</Filter>
    </ClCompile>
    <ClCompile Include="Model\HumanGamer.cpp">
      <Filter>Model\Gamers</Filter>
    </ClCompile>
    <ClCompile Include="Model\ComuterGamer.cpp" />
    <ClCompile Include="Services\BattleMapGenerateService.cpp">
      <Filter>Services</Filter>
    </ClCompile>
  </ItemGroup>
</Project>